
Microsoft Visual Studio Solution File, Format Version 12.00
# Visual Studio Version 17
VisualStudioVersion = 17.9.34607.119
MinimumVisualStudioVersion = 10.0.40219.1
Project("{8BC9CEB8-8B4A-11D0-8D11-00A0C91BC942}") = "Employee", "Employee.vcxproj", "{7EC921DB-FB95-4215-9981-5F0485F15304}"
EndProject
Project("{8BC9CEB8-8B4A-11D0-8D11-00A0C91BC942}") = "DBMSTest", "..\DBMSTest\DBMSTest.vcxproj", "{EDAF82F1-0D9D-4935-B94E-EA3A4974E615}"
EndProject
Project("{8BC9CEB8-8B4A-11D0-8D11-00A0C91BC942}") = "LogLibrary", "..\LogLibrary\LogLibrary\LogLibrary.vcxproj", "{59F50DC5-0D8D-454D-A9B3-83B3A14BA5C1}"
EndProject
Global
	GlobalSection(SolutionConfigurationPlatforms) = preSolution
		Debug|x64 = Debug|x64
		Debug|x86 = Debug|x86
		Release|x64 = Release|x64
		Release|x86 = Release|x86
	EndGlobalSection
	GlobalSection(ProjectConfigurationPlatforms) = postSolution
		{7EC921DB-FB95-4215-9981-5F0485F15304}.Debug|x64.ActiveCfg = Debug|x64
		{7EC921DB-FB95-4215-9981-5F0485F15304}.Debug|x64.Build.0 = Debug|x64
		{7EC921DB-FB95-4215-9981-5F0485F15304}.Debug|x86.ActiveCfg = Debug|Win32
		{7EC921DB-FB95-4215-9981-5F0485F15304}.Debug|x86.Build.0 = Debug|Win32
		{7EC921DB-FB95-4215-9981-5F0485F15304}.Release|x64.ActiveCfg = Release|x64
		{7EC921DB-FB95-4215-9981-5F0485F15304}.Release|x64.Build.0 = Release|x64
		{7EC921DB-FB95-4215-9981-5F0485F15304}.Release|x86.ActiveCfg = Release|Win32
		{7EC921DB-FB95-4215-9981-5F0485F15304}.Release|x86.Build.0 = Release|Win32
		{EDAF82F1-0D9D-4935-B94E-EA3A4974E615}.Debug|x64.ActiveCfg = Debug|x64
		{EDAF82F1-0D9D-4935-B94E-EA3A4974E615}.Debug|x64.Build.0 = Debug|x64
		{EDAF82F1-0D9D-4935-B94E-EA3A4974E615}.Debug|x86.ActiveCfg = Debug|Win32
		{EDAF82F1-0D9D-4935-B94E-EA3A4974E615}.Debug|x86.Build.0 = Debug|Win32
		{EDAF82F1-0D9D-4935-B94E-EA3A4974E615}.Release|x64.ActiveCfg = Release|x64
		{EDAF82F1-0D9D-4935-B94E-EA3A4974E615}.Release|x64.Build.0 = Release|x64
		{EDAF82F1-0D9D-4935-B94E-EA3A4974E615}.Release|x86.ActiveCfg = Release|Win32
		{EDAF82F1-0D9D-4935-B94E-EA3A4974E615}.Release|x86.Build.0 = Release|Win32
		{59F50DC5-0D8D-454D-A9B3-83B3A14BA5C1}.Debug|x64.ActiveCfg = Debug|x64
		{59F50DC5-0D8D-454D-A9B3-83B3A14BA5C1}.Debug|x64.Build.0 = Debug|x64
		{59F50DC5-0D8D-454D-A9B3-83B3A14BA5C1}.Debug|x86.ActiveCfg = Debug|Win32
		{59F50DC5-0D8D-454D-A9B3-83B3A14BA5C1}.Debug|x86.Build.0 = Debug|Win32
		{59F50DC5-0D8D-454D-A9B3-83B3A14BA5C1}.Release|x64.ActiveCfg = Release|x64
		{59F50DC5-0D8D-454D-A9B3-83B3A14BA5C1}.Release|x64.Build.0 = Release|x64
		{59F50DC5-0D8D-454D-A9B3-83B3A14BA5C1}.Release|x86.ActiveCfg = Release|Win32
		{59F50DC5-0D8D-454D-A9B3-83B3A14BA5C1}.Release|x86.Build.0 = Release|Win32
	EndGlobalSection
	GlobalSection(SolutionProperties) = preSolution
		HideSolutionNode = FALSE
	EndGlobalSection
	GlobalSection(ExtensibilityGlobals) = postSolution
		SolutionGuid = {10A7F7C6-0E4C-41F5-9AC3-593616B5E61C}
	EndGlobalSection
EndGlobal
